
Microsoft Visual Studio Solution File, Format Version 12.00
# Visual Studio Version 17
VisualStudioVersion = 17.1.32421.90
MinimumVisualStudioVersion = 10.0.40219.1
Project("{FAE04EC0-301F-11D3-BF4B-00C04F79EFBC}") = "Launcher", "Launcher\Launcher.csproj", "{660CB472-0D08-4B63-A0F8-28E5EE8A2856}"
EndProject
Project("{9A19103F-16F7-4668-BE54-9A1E7A4F7556}") = "AutoUpdater.NET", "projects\AutoUpdater.NET\AutoUpdater.NET\AutoUpdater.NET.csproj", "{FB9E7E6B-B19F-4F37-A708-2996190CEF13}"
EndProject
Project("{FAE04EC0-301F-11D3-BF4B-00C04F79EFBC}") = "Main", "Main\Main.csproj", "{A9788351-F1F3-4C46-807D-018C43206C8F}"
EndProject
Project("{9A19103F-16F7-4668-BE54-9A1E7A4F7556}") = "ZipExtractor", "projects\AutoUpdater.NET\ZipExtractor\ZipExtractor.csproj", "{91DE558C-6DB8-429B-A069-C0491DCFF15B}"
EndProject
Project("{2150E333-8FDC-42A3-9474-1A3956D46DE8}") = "lib", "lib", "{C817BB47-DBD9-4995-BEE2-B91FC5B7049C}"
EndProject
Project("{FAE04EC0-301F-11D3-BF4B-00C04F79EFBC}") = "Login", "Login\Login.csproj", "{B90BD1C6-7E38-46FB-9714-1EE7F2A76271}"
EndProject
Project("{FAE04EC0-301F-11D3-BF4B-00C04F79EFBC}") = "DBManager", "DBManager\DBManager.csproj", "{965AFA51-B10D-4595-9546-77739B2B4BA9}"
EndProject
Project("{FAE04EC0-301F-11D3-BF4B-00C04F79EFBC}") = "UnityCake", "UnityCake\UnityCake.csproj", "{667A318D-8E9D-41DF-958F-CC130CE7064B}"
EndProject
Project("{FAE04EC0-301F-11D3-BF4B-00C04F79EFBC}") = "CoreCake", "CoreCake\CoreCake.csproj", "{7D0D4768-8331-4B46-AEAB-3E0092D5A4AD}"
EndProject
Project("{FAE04EC0-301F-11D3-BF4B-00C04F79EFBC}") = "MainGUI", "MainGUI\MainGUI.csproj", "{1C4ABCDE-0F4E-4F25-BE60-C4C2126DBC90}"
EndProject
Project("{FAE04EC0-301F-11D3-BF4B-00C04F79EFBC}") = "eLongMuSQL", "DBManager\eLongMuSQL\eLongMuSQL.csproj", "{A8D3B428-1FD5-470A-86D0-698EDA6AD5C7}"
EndProject
Project("{2150E333-8FDC-42A3-9474-1A3956D46DE8}") = "tests", "tests", "{59692B1F-3B05-4367-AA13-104D6E738500}"
EndProject
Project("{FAE04EC0-301F-11D3-BF4B-00C04F79EFBC}") = "DbClientTests", "DbClientTests\DbClientTests.csproj", "{78B19FEE-9B28-498B-A10D-1BDEAF8A4386}"
EndProject
Global
	GlobalSection(SolutionConfigurationPlatforms) = preSolution
		Debug|Any CPU = Debug|Any CPU
		Release|Any CPU = Release|Any CPU
	EndGlobalSection
	GlobalSection(ProjectConfigurationPlatforms) = postSolution
		{660CB472-0D08-4B63-A0F8-28E5EE8A2856}.Debug|Any CPU.ActiveCfg = Debug|Any CPU
		{660CB472-0D08-4B63-A0F8-28E5EE8A2856}.Debug|Any CPU.Build.0 = Debug|Any CPU
		{660CB472-0D08-4B63-A0F8-28E5EE8A2856}.Release|Any CPU.ActiveCfg = Release|Any CPU
		{660CB472-0D08-4B63-A0F8-28E5EE8A2856}.Release|Any CPU.Build.0 = Release|Any CPU
		{FB9E7E6B-B19F-4F37-A708-2996190CEF13}.Debug|Any CPU.ActiveCfg = Debug|Any CPU
		{FB9E7E6B-B19F-4F37-A708-2996190CEF13}.Debug|Any CPU.Build.0 = Debug|Any CPU
		{FB9E7E6B-B19F-4F37-A708-2996190CEF13}.Release|Any CPU.ActiveCfg = Release|Any CPU
		{FB9E7E6B-B19F-4F37-A708-2996190CEF13}.Release|Any CPU.Build.0 = Release|Any CPU
		{A9788351-F1F3-4C46-807D-018C43206C8F}.Debug|Any CPU.ActiveCfg = Debug|Any CPU
		{A9788351-F1F3-4C46-807D-018C43206C8F}.Debug|Any CPU.Build.0 = Debug|Any CPU
		{A9788351-F1F3-4C46-807D-018C43206C8F}.Release|Any CPU.ActiveCfg = Release|Any CPU
		{A9788351-F1F3-4C46-807D-018C43206C8F}.Release|Any CPU.Build.0 = Release|Any CPU
		{91DE558C-6DB8-429B-A069-C0491DCFF15B}.Debug|Any CPU.ActiveCfg = Debug|Any CPU
		{91DE558C-6DB8-429B-A069-C0491DCFF15B}.Debug|Any CPU.Build.0 = Debug|Any CPU
		{91DE558C-6DB8-429B-A069-C0491DCFF15B}.Release|Any CPU.ActiveCfg = Release|Any CPU
		{91DE558C-6DB8-429B-A069-C0491DCFF15B}.Release|Any CPU.Build.0 = Release|Any CPU
		{B90BD1C6-7E38-46FB-9714-1EE7F2A76271}.Debug|Any CPU.ActiveCfg = Debug|Any CPU
		{B90BD1C6-7E38-46FB-9714-1EE7F2A76271}.Debug|Any CPU.Build.0 = Debug|Any CPU
		{B90BD1C6-7E38-46FB-9714-1EE7F2A76271}.Release|Any CPU.ActiveCfg = Release|Any CPU
		{B90BD1C6-7E38-46FB-9714-1EE7F2A76271}.Release|Any CPU.Build.0 = Release|Any CPU
		{965AFA51-B10D-4595-9546-77739B2B4BA9}.Debug|Any CPU.ActiveCfg = Debug|Any CPU
		{965AFA51-B10D-4595-9546-77739B2B4BA9}.Debug|Any CPU.Build.0 = Debug|Any CPU
		{965AFA51-B10D-4595-9546-77739B2B4BA9}.Release|Any CPU.ActiveCfg = Release|Any CPU
		{965AFA51-B10D-4595-9546-77739B2B4BA9}.Release|Any CPU.Build.0 = Release|Any CPU
		{667A318D-8E9D-41DF-958F-CC130CE7064B}.Debug|Any CPU.ActiveCfg = Debug|Any CPU
		{667A318D-8E9D-41DF-958F-CC130CE7064B}.Debug|Any CPU.Build.0 = Debug|Any CPU
		{667A318D-8E9D-41DF-958F-CC130CE7064B}.Release|Any CPU.ActiveCfg = Release|Any CPU
		{667A318D-8E9D-41DF-958F-CC130CE7064B}.Release|Any CPU.Build.0 = Release|Any CPU
		{7D0D4768-8331-4B46-AEAB-3E0092D5A4AD}.Debug|Any CPU.ActiveCfg = Debug|Any CPU
		{7D0D4768-8331-4B46-AEAB-3E0092D5A4AD}.Debug|Any CPU.Build.0 = Debug|Any CPU
		{7D0D4768-8331-4B46-AEAB-3E0092D5A4AD}.Release|Any CPU.ActiveCfg = Release|Any CPU
		{7D0D4768-8331-4B46-AEAB-3E0092D5A4AD}.Release|Any CPU.Build.0 = Release|Any CPU
		{1C4ABCDE-0F4E-4F25-BE60-C4C2126DBC90}.Debug|Any CPU.ActiveCfg = Debug|Any CPU
		{1C4ABCDE-0F4E-4F25-BE60-C4C2126DBC90}.Debug|Any CPU.Build.0 = Debug|Any CPU
		{1C4ABCDE-0F4E-4F25-BE60-C4C2126DBC90}.Release|Any CPU.ActiveCfg = Release|Any CPU
		{1C4ABCDE-0F4E-4F25-BE60-C4C2126DBC90}.Release|Any CPU.Build.0 = Release|Any CPU
		{A8D3B428-1FD5-470A-86D0-698EDA6AD5C7}.Debug|Any CPU.ActiveCfg = Debug|Any CPU
		{A8D3B428-1FD5-470A-86D0-698EDA6AD5C7}.Debug|Any CPU.Build.0 = Debug|Any CPU
		{A8D3B428-1FD5-470A-86D0-698EDA6AD5C7}.Release|Any CPU.ActiveCfg = Release|Any CPU
		{A8D3B428-1FD5-470A-86D0-698EDA6AD5C7}.Release|Any CPU.Build.0 = Release|Any CPU
		{78B19FEE-9B28-498B-A10D-1BDEAF8A4386}.Debug|Any CPU.ActiveCfg = Debug|Any CPU
		{78B19FEE-9B28-498B-A10D-1BDEAF8A4386}.Debug|Any CPU.Build.0 = Debug|Any CPU
		{78B19FEE-9B28-498B-A10D-1BDEAF8A4386}.Release|Any CPU.ActiveCfg = Release|Any CPU
		{78B19FEE-9B28-498B-A10D-1BDEAF8A4386}.Release|Any CPU.Build.0 = Release|Any CPU
	EndGlobalSection
	GlobalSection(SolutionProperties) = preSolution
		HideSolutionNode = FALSE
	EndGlobalSection
	GlobalSection(NestedProjects) = preSolution
		{FB9E7E6B-B19F-4F37-A708-2996190CEF13} = {C817BB47-DBD9-4995-BEE2-B91FC5B7049C}
		{91DE558C-6DB8-429B-A069-C0491DCFF15B} = {C817BB47-DBD9-4995-BEE2-B91FC5B7049C}
		{965AFA51-B10D-4595-9546-77739B2B4BA9} = {C817BB47-DBD9-4995-BEE2-B91FC5B7049C}
		{667A318D-8E9D-41DF-958F-CC130CE7064B} = {C817BB47-DBD9-4995-BEE2-B91FC5B7049C}
		{7D0D4768-8331-4B46-AEAB-3E0092D5A4AD} = {C817BB47-DBD9-4995-BEE2-B91FC5B7049C}
		{A8D3B428-1FD5-470A-86D0-698EDA6AD5C7} = {C817BB47-DBD9-4995-BEE2-B91FC5B7049C}
		{78B19FEE-9B28-498B-A10D-1BDEAF8A4386} = {59692B1F-3B05-4367-AA13-104D6E738500}
	EndGlobalSection
	GlobalSection(ExtensibilityGlobals) = postSolution
		SolutionGuid = {338DE5A4-EFC9-47A6-91D0-8A8F71488606}
	EndGlobalSection
EndGlobal
